
Microsoft Visual Studio Solution File, Format Version 10.00
# Visual Studio 2008
Project("{8BC9CEB8-8B4A-11D0-8D11-00A0C91BC942}") = "pngquant_gui", "pngquant_gui.vcproj", "{DB527952-2C84-441A-82C5-20C9DD6D527C}"
EndProject
Global
	GlobalSection(SolutionConfigurationPlatforms) = preSolution
		Debug|Win32 = Debug|Win32
		Release|Win32 = Release|Win32
	EndGlobalSection
	GlobalSection(ProjectConfigurationPlatforms) = postSolution
		{DB527952-2C84-441A-82C5-20C9DD6D527C}.Debug|Win32.ActiveCfg = Debug|Win32
		{DB527952-2C84-441A-82C5-20C9DD6D527C}.Debug|Win32.Build.0 = Debug|Win32
		{DB527952-2C84-441A-82C5-20C9DD6D527C}.Release|Win32.ActiveCfg = Release|Win32
		{DB527952-2C84-441A-82C5-20C9DD6D527C}.Release|Win32.Build.0 = Release|Win32
	EndGlobalSection
	GlobalSection(SolutionProperties) = preSolution
		HideSolutionNode = FALSE
	EndGlobalSection
EndGlobal
